{
  "name": "vuehooks",
  "version": "0.0.0",
  "lockfileVersion": 1,
  "requires": true,
  "dependencies": {
    "@ant-design/colors": {
      "version": "6.0.0",
      "resolved": "http://npm.devops.xiaohongshu.com:7001/@ant-design/colors/download/@ant-design/colors-6.0.0.tgz",
      "integrity": "sha1-m5NmJXz/zEfbQrnQIDu1ksE8Apg=",
      "requires": {
        "@ctrl/tinycolor": "^3.4.0"
      }
    },
    "@ant-design/icons-svg": {
      "version": "4.2.1",
      "resolved": "http://npm.devops.xiaohongshu.com:7001/@ant-design/icons-svg/download/@ant-design/icons-svg-4.2.1.tgz",
      "integrity": "sha1-hjDajrRHGkqr2u19H/apfcss8Fo="
    },
    "@ant-design/icons-vue": {
      "version": "6.1.0",
      "resolved": "http://npm.devops.xiaohongshu.com:7001/@ant-design/icons-vue/download/@ant-design/icons-vue-6.1.0.tgz",
      "integrity": "sha1-+TJP3A60zqlDz2JtK/Pbmk/0wHQ=",
      "requires": {
        "@ant-design/colors": "^6.0.0",
        "@ant-design/icons-svg": "^4.2.1"
      }
    },
    "@babel/parser": {
      "version": "7.18.5",
      "resolved": "http://npm.devops.xiaohongshu.com:7001/@babel/parser/download/@babel/parser-7.18.5.tgz",
      "integrity": "sha1-M3BiNjQ2qJOi0i+qYL5bs3CRyDw="
    },
    "@babel/runtime": {
      "version": "7.18.6",
      "resolved": "http://npm.devops.xiaohongshu.com:7001/@babel/runtime/download/@babel/runtime-7.18.6.tgz",
      "integrity": "sha1-ah71n4ON69ZwQh+Mfyy7jal1FYA=",
      "requires": {
        "regenerator-runtime": "^0.13.4"
      }
    },
    "@ctrl/tinycolor": {
      "version": "3.4.1",
      "resolved": "http://npm.devops.xiaohongshu.com:7001/@ctrl/tinycolor/download/@ctrl/tinycolor-3.4.1.tgz",
      "integrity": "sha1-dbTCeUjIHojM06iQIEe815fzjTI="
    },
    "@simonwep/pickr": {
      "version": "1.8.2",
      "resolved": "http://npm.devops.xiaohongshu.com:7001/@simonwep/pickr/download/@simonwep/pickr-1.8.2.tgz",
      "integrity": "sha1-ltyGZ1lA18rWPWnCIIPdHLuXl8s=",
      "requires": {
        "core-js": "^3.15.1",
        "nanopop": "^2.1.0"
      }
    },
    "@types/node": {
      "version": "18.0.0",
      "resolved": "http://npm.devops.xiaohongshu.com:7001/@types/node/download/@types/node-18.0.0.tgz",
      "integrity": "sha1-Z8e3JOG83XqIIc4NXuGE07TdUlo=",
      "dev": true
    },
    "@vitejs/plugin-vue": {
      "version": "2.3.3",
      "dev": true
    },
    "@vue/compiler-core": {
      "version": "3.2.26",
      "resolved": "http://npm.devops.xiaohongshu.com:7001/@vue/compiler-core/download/@vue/compiler-core-3.2.26.tgz",
      "integrity": "sha1-mrkq5iTaUfe2Bk9GecLUVk9DfMg=",
      "requires": {
        "@babel/parser": "^7.16.4",
        "@vue/shared": "3.2.26",
        "estree-walker": "^2.0.2",
        "source-map": "^0.6.1"
      }
    },
    "@vue/compiler-dom": {
      "version": "3.2.26",
      "resolved": "http://npm.devops.xiaohongshu.com:7001/@vue/compiler-dom/download/@vue/compiler-dom-3.2.26.tgz",
      "integrity": "sha1-x6e1XVCnt5gd1E/CghHfFFBIJmc=",
      "requires": {
        "@vue/compiler-core": "3.2.26",
        "@vue/shared": "3.2.26"
      }
    },
    "@vue/compiler-sfc": {
      "version": "3.2.26",
      "resolved": "http://npm.devops.xiaohongshu.com:7001/@vue/compiler-sfc/download/@vue/compiler-sfc-3.2.26.tgz",
      "integrity": "sha1-POdmd+SqWDEWVaO+qescuATSJz8=",
      "requires": {
        "@babel/parser": "^7.16.4",
        "@vue/compiler-core": "3.2.26",
        "@vue/compiler-dom": "3.2.26",
        "@vue/compiler-ssr": "3.2.26",
        "@vue/reactivity-transform": "3.2.26",
        "@vue/shared": "3.2.26",
        "estree-walker": "^2.0.2",
        "magic-string": "^0.25.7",
        "postcss": "^8.1.10",
        "source-map": "^0.6.1"
      }
    },
    "@vue/compiler-ssr": {
      "version": "3.2.26",
      "resolved": "http://npm.devops.xiaohongshu.com:7001/@vue/compiler-ssr/download/@vue/compiler-ssr-3.2.26.tgz",
      "integrity": "sha1-/QSVIzQfv0q16I4l7vVm2GKJS6c=",
      "requires": {
        "@vue/compiler-dom": "3.2.26",
        "@vue/shared": "3.2.26"
      }
    },
    "@vue/reactivity": {
      "version": "3.2.26",
      "resolved": "http://npm.devops.xiaohongshu.com:7001/@vue/reactivity/download/@vue/reactivity-3.2.26.tgz",
      "integrity": "sha1-1SkZHlgVIcPBLinvmG1MipM6D4M=",
      "requires": {
        "@vue/shared": "3.2.26"
      }
    },
    "@vue/reactivity-transform": {
      "version": "3.2.26",
      "resolved": "http://npm.devops.xiaohongshu.com:7001/@vue/reactivity-transform/download/@vue/reactivity-transform-3.2.26.tgz",
      "integrity": "sha1-bY8gpKotGXKPJd6ZlirdvnxNA+k=",
      "requires": {
        "@babel/parser": "^7.16.4",
        "@vue/compiler-core": "3.2.26",
        "@vue/shared": "3.2.26",
        "estree-walker": "^2.0.2",
        "magic-string": "^0.25.7"
      }
    },
    "@vue/runtime-core": {
      "version": "3.2.26",
      "resolved": "http://npm.devops.xiaohongshu.com:7001/@vue/runtime-core/download/@vue/runtime-core-3.2.26.tgz",
      "integrity": "sha1-XFnMRA7Xo5ttvUwC4tIcjRmI8N4=",
      "requires": {
        "@vue/reactivity": "3.2.26",
        "@vue/shared": "3.2.26"
      }
    },
    "@vue/runtime-dom": {
      "version": "3.2.26",
      "resolved": "http://npm.devops.xiaohongshu.com:7001/@vue/runtime-dom/download/@vue/runtime-dom-3.2.26.tgz",
      "integrity": "sha1-hNOuJYRIh0dxfC4HLV2REsDS5sI=",
      "requires": {
        "@vue/runtime-core": "3.2.26",
        "@vue/shared": "3.2.26",
        "csstype": "^2.6.8"
      }
    },
    "@vue/server-renderer": {
      "version": "3.2.26",
      "resolved": "http://npm.devops.xiaohongshu.com:7001/@vue/server-renderer/download/@vue/server-renderer-3.2.26.tgz",
      "integrity": "sha1-8WpLn7zJF0F7TOpwyZr84nATQc8=",
      "requires": {
        "@vue/compiler-ssr": "3.2.26",
        "@vue/shared": "3.2.26"
      }
    },
    "@vue/shared": {
      "version": "3.2.26",
      "resolved": "http://npm.devops.xiaohongshu.com:7001/@vue/shared/download/@vue/shared-3.2.26.tgz",
      "integrity": "sha1-es0WIXg1cbmoLsofBBtKCpg0gdk="
    },
    "ant-design-vue": {
      "version": "3.2.9",
      "requires": {
        "@ant-design/colors": "^6.0.0",
        "@ant-design/icons-vue": "^6.1.0",
        "@babel/runtime": "^7.10.5",
        "@ctrl/tinycolor": "^3.4.0",
        "@simonwep/pickr": "~1.8.0",
        "array-tree-filter": "^2.1.0",
        "async-validator": "^4.0.0",
        "dayjs": "^1.10.5",
        "dom-align": "^1.12.1",
        "dom-scroll-into-view": "^2.0.0",
        "lodash": "^4.17.21",
        "lodash-es": "^4.17.15",
        "resize-observer-polyfill": "^1.5.1",
        "scroll-into-view-if-needed": "^2.2.25",
        "shallow-equal": "^1.0.0",
        "vue-types": "^3.0.0",
        "warning": "^4.0.0"
      }
    },
    "array-tree-filter": {
      "version": "2.1.0",
      "resolved": "http://npm.devops.xiaohongshu.com:7001/array-tree-filter/download/array-tree-filter-2.1.0.tgz",
      "integrity": "sha1-hzrAD+yDdJ8lWsjdCDgUtPYykZA="
    },
    "async-validator": {
      "version": "4.2.5",
      "resolved": "http://npm.devops.xiaohongshu.com:7001/async-validator/download/async-validator-4.2.5.tgz",
      "integrity": "sha1-yW6jMypSFpnQr6rO7VEKVGVsYzk="
    },
    "compute-scroll-into-view": {
      "version": "1.0.17",
      "resolved": "http://npm.devops.xiaohongshu.com:7001/compute-scroll-into-view/download/compute-scroll-into-view-1.0.17.tgz",
      "integrity": "sha1-aojxis2dQunPS6pr7H4FImB6t6s="
    },
    "core-js": {
      "version": "3.23.3",
      "resolved": "http://npm.devops.xiaohongshu.com:7001/core-js/download/core-js-3.23.3.tgz",
      "integrity": "sha1-O5d2ErFdptoMnMSuxIfo0k83ERI="
    },
    "csstype": {
      "version": "2.6.20",
      "resolved": "http://npm.devops.xiaohongshu.com:7001/csstype/download/csstype-2.6.20.tgz",
      "integrity": "sha1-kinGXqCyYM9NPZl8sGKI42qNbdo="
    },
    "dayjs": {
      "version": "1.11.3",
      "resolved": "http://npm.devops.xiaohongshu.com:7001/dayjs/download/dayjs-1.11.3.tgz",
      "integrity": "sha1-R1TraUpiQFe5rSIktnsV1VJYklg="
    },
    "dom-align": {
      "version": "1.12.3",
      "resolved": "http://npm.devops.xiaohongshu.com:7001/dom-align/download/dom-align-1.12.3.tgz",
      "integrity": "sha1-o20CUx2uDu+iq7DE22WVJQUm8QM="
    },
    "dom-scroll-into-view": {
      "version": "2.0.1",
      "resolved": "http://npm.devops.xiaohongshu.com:7001/dom-scroll-into-view/download/dom-scroll-into-view-2.0.1.tgz",
      "integrity": "sha1-DezIUigB/Y0/HGujVadNOCxfmJs="
    },
    "esbuild": {
      "version": "0.14.47",
      "resolved": "http://npm.devops.xiaohongshu.com:7001/esbuild/download/esbuild-0.14.47.tgz",
      "integrity": "sha1-DWQV9r2Ouec6WPf5rgTFJ2zaDk0=",
      "dev": true,
      "requires": {
        "esbuild-android-64": "0.14.47",
        "esbuild-android-arm64": "0.14.47",
        "esbuild-darwin-64": "0.14.47",
        "esbuild-darwin-arm64": "0.14.47",
        "esbuild-freebsd-64": "0.14.47",
        "esbuild-freebsd-arm64": "0.14.47",
        "esbuild-linux-32": "0.14.47",
        "esbuild-linux-64": "0.14.47",
        "esbuild-linux-arm": "0.14.47",
        "esbuild-linux-arm64": "0.14.47",
        "esbuild-linux-mips64le": "0.14.47",
        "esbuild-linux-ppc64le": "0.14.47",
        "esbuild-linux-riscv64": "0.14.47",
        "esbuild-linux-s390x": "0.14.47",
        "esbuild-netbsd-64": "0.14.47",
        "esbuild-openbsd-64": "0.14.47",
        "esbuild-sunos-64": "0.14.47",
        "esbuild-windows-32": "0.14.47",
        "esbuild-windows-64": "0.14.47",
        "esbuild-windows-arm64": "0.14.47"
      }
    },
    "esbuild-android-64": {
      "version": "0.14.47",
      "resolved": "http://npm.devops.xiaohongshu.com:7001/esbuild-android-64/download/esbuild-android-64-0.14.47.tgz",
      "integrity": "sha1-75W0LGe89CaMhpFT+jrRRmxM6ms=",
      "dev": true,
      "optional": true
    },
    "esbuild-android-arm64": {
      "version": "0.14.47",
      "resolved": "http://npm.devops.xiaohongshu.com:7001/esbuild-android-arm64/download/esbuild-android-arm64-0.14.47.tgz",
      "integrity": "sha1-Tr186fslC0aV+qPuRv07B1Ts2eY=",
      "dev": true,
      "optional": true
    },
    "esbuild-darwin-64": {
      "version": "0.14.47",
      "resolved": "http://npm.devops.xiaohongshu.com:7001/esbuild-darwin-64/download/esbuild-darwin-64-0.14.47.tgz",
      "integrity": "sha1-4NpsJE9JcZL5UYB/AD9qQj7SMYg=",
      "dev": true,
      "optional": true
    },
    "esbuild-darwin-arm64": {
      "version": "0.14.47",
      "resolved": "http://npm.devops.xiaohongshu.com:7001/esbuild-darwin-arm64/download/esbuild-darwin-arm64-0.14.47.tgz",
      "integrity": "sha1-zUD9SaZy/KWB7SAoNCOd/lQKkCg=",
      "dev": true,
      "optional": true
    },
    "esbuild-freebsd-64": {
      "version": "0.14.47",
      "resolved": "http://npm.devops.xiaohongshu.com:7001/esbuild-freebsd-64/download/esbuild-freebsd-64-0.14.47.tgz",
      "integrity": "sha1-jaahTAlbKcAfyAh6Fst5Bt68LWc=",
      "dev": true,
      "optional": true
    },
    "esbuild-freebsd-arm64": {
      "version": "0.14.47",
      "resolved": "http://npm.devops.xiaohongshu.com:7001/esbuild-freebsd-arm64/download/esbuild-freebsd-arm64-0.14.47.tgz",
      "integrity": "sha1-rTH5ySgX/48z/SU696tRItwbg/Y=",
      "dev": true,
      "optional": true
    },
    "esbuild-linux-32": {
      "version": "0.14.47",
      "resolved": "http://npm.devops.xiaohongshu.com:7001/esbuild-linux-32/download/esbuild-linux-32-0.14.47.tgz",
      "integrity": "sha1-3gheTbLmkuowxxIIzMI/3PUZbFg=",
      "dev": true,
      "optional": true
    },
    "esbuild-linux-64": {
      "version": "0.14.47",
      "resolved": "http://npm.devops.xiaohongshu.com:7001/esbuild-linux-64/download/esbuild-linux-64-0.14.47.tgz",
      "integrity": "sha1-KpMhu8ywHwGwTOv8/Mur66Nli6E=",
      "dev": true,
      "optional": true
    },
    "esbuild-linux-arm": {
      "version": "0.14.47",
      "resolved": "http://npm.devops.xiaohongshu.com:7001/esbuild-linux-arm/download/esbuild-linux-arm-0.14.47.tgz",
      "integrity": "sha1-Vv7CoJuVYcM3BZ1K9TYlFCre2FM=",
      "dev": true,
      "optional": true
    },
    "esbuild-linux-arm64": {
      "version": "0.14.47",
      "resolved": "http://npm.devops.xiaohongshu.com:7001/esbuild-linux-arm64/download/esbuild-linux-arm64-0.14.47.tgz",
      "integrity": "sha1-udp7b8SwynoTNjoMW3u5J+S8U1o=",
      "dev": true,
      "optional": true
    },
    "esbuild-linux-mips64le": {
      "version": "0.14.47",
      "resolved": "http://npm.devops.xiaohongshu.com:7001/esbuild-linux-mips64le/download/esbuild-linux-mips64le-0.14.47.tgz",
      "integrity": "sha1-nbIVYfjyLtee8q7be77wgrRs+CM=",
      "dev": true,
      "optional": true
    },
    "esbuild-linux-ppc64le": {
      "version": "0.14.47",
      "resolved": "http://npm.devops.xiaohongshu.com:7001/esbuild-linux-ppc64le/download/esbuild-linux-ppc64le-0.14.47.tgz",
      "integrity": "sha1-3Do9oyEiKxHpblDvr+ydLeQIGYs=",
      "dev": true,
      "optional": true
    },
    "esbuild-linux-riscv64": {
      "version": "0.14.47",
      "resolved": "http://npm.devops.xiaohongshu.com:7001/esbuild-linux-riscv64/download/esbuild-linux-riscv64-0.14.47.tgz",
      "integrity": "sha1-m9bc09ymwDVwhOzQbh0tS/EFM18=",
      "dev": true,
      "optional": true
    },
    "esbuild-linux-s390x": {
      "version": "0.14.47",
      "resolved": "http://npm.devops.xiaohongshu.com:7001/esbuild-linux-s390x/download/esbuild-linux-s390x-0.14.47.tgz",
      "integrity": "sha1-pFivk5tS8s0y/FYUENRBpR9p1B8=",
      "dev": true,
      "optional": true
    },
    "esbuild-netbsd-64": {
      "version": "0.14.47",
      "resolved": "http://npm.devops.xiaohongshu.com:7001/esbuild-netbsd-64/download/esbuild-netbsd-64-0.14.47.tgz",
      "integrity": "sha1-Y4jnhdfn5EIMsBNI10g6tRGxaqg=",
      "dev": true,
      "optional": true
    },
    "esbuild-openbsd-64": {
      "version": "0.14.47",
      "resolved": "http://npm.devops.xiaohongshu.com:7001/esbuild-openbsd-64/download/esbuild-openbsd-64-0.14.47.tgz",
      "integrity": "sha1-MJr4BttWGqiGxEU0TRqsq4UNvcU=",
      "dev": true,
      "optional": true
    },
    "esbuild-sunos-64": {
      "version": "0.14.47",
      "resolved": "http://npm.devops.xiaohongshu.com:7001/esbuild-sunos-64/download/esbuild-sunos-64-0.14.47.tgz",
      "integrity": "sha1-PxlhLc24m6bGUoOn/24W+K+/iqo=",
      "dev": true,
      "optional": true
    },
    "esbuild-windows-32": {
      "version": "0.14.47",
      "resolved": "http://npm.devops.xiaohongshu.com:7001/esbuild-windows-32/download/esbuild-windows-32-0.14.47.tgz",
      "integrity": "sha1-qS0nnIRY1dwxmrz+swqkno8ub38=",
      "dev": true,
      "optional": true
    },
    "esbuild-windows-64": {
      "version": "0.14.47",
      "resolved": "http://npm.devops.xiaohongshu.com:7001/esbuild-windows-64/download/esbuild-windows-64-0.14.47.tgz",
      "integrity": "sha1-JWTD/PDCPXAe23GvjFLTvkzsX4o=",
      "dev": true,
      "optional": true
    },
    "esbuild-windows-arm64": {
      "version": "0.14.47",
      "resolved": "http://npm.devops.xiaohongshu.com:7001/esbuild-windows-arm64/download/esbuild-windows-arm64-0.14.47.tgz",
      "integrity": "sha1-htnbGiLYM2D3JqxfukHC9iXbaHg=",
      "dev": true,
      "optional": true
    },
    "estree-walker": {
      "version": "2.0.2",
      "resolved": "http://npm.devops.xiaohongshu.com:7001/estree-walker/download/estree-walker-2.0.2.tgz",
      "integrity": "sha1-UvAQF4wqTBF6d1fP6UKtt9LaTKw="
    },
    "fsevents": {
      "version": "2.3.2",
      "resolved": "http://npm.devops.xiaohongshu.com:7001/fsevents/download/fsevents-2.3.2.tgz",
      "integrity": "sha1-ilJveLj99GI7cJ4Ll1xSwkwC/Ro=",
      "dev": true,
      "optional": true
    },
    "function-bind": {
      "version": "1.1.1",
      "resolved": "http://npm.devops.xiaohongshu.com:7001/function-bind/download/function-bind-1.1.1.tgz",
      "integrity": "sha1-pWiZ0+o8m6uHS7l3O3xe3pL0iV0=",
      "dev": true
    },
    "has": {
      "version": "1.0.3",
      "resolved": "http://npm.devops.xiaohongshu.com:7001/has/download/has-1.0.3.tgz",
      "integrity": "sha1-ci18v8H2qoJB8W3YFOAR4fQeh5Y=",
      "dev": true,
      "requires": {
        "function-bind": "^1.1.1"
      }
    },
    "is-core-module": {
      "version": "2.9.0",
      "resolved": "http://npm.devops.xiaohongshu.com:7001/is-core-module/download/is-core-module-2.9.0.tgz",
      "integrity": "sha1-4cNEKc1Rxt2eCeB5njluJ7GanGk=",
      "dev": true,
      "requires": {
        "has": "^1.0.3"
      }
    },
    "is-plain-object": {
      "version": "3.0.1",
      "resolved": "http://npm.devops.xiaohongshu.com:7001/is-plain-object/download/is-plain-object-3.0.1.tgz",
      "integrity": "sha1-Zi2S0kwKpDAkB7DUXSHyJRyF+Fs="
    },
    "js-tokens": {
      "version": "4.0.0",
      "resolved": "http://npm.devops.xiaohongshu.com:7001/js-tokens/download/js-tokens-4.0.0.tgz",
      "integrity": "sha1-GSA/tZmR35jjoocFDUZHzerzJJk="
    },
    "lodash": {
      "version": "4.17.21",
      "resolved": "http://npm.devops.xiaohongshu.com:7001/lodash/download/lodash-4.17.21.tgz",
      "integrity": "sha1-Z5WRxWTDv/quhFTPCz3zcMPWkRw="
    },
    "lodash-es": {
      "version": "4.17.21",
      "resolved": "http://npm.devops.xiaohongshu.com:7001/lodash-es/download/lodash-es-4.17.21.tgz",
      "integrity": "sha1-Q+YmxG5lkbd1C+srUBFzkMYJ4+4="
    },
    "loose-envify": {
      "version": "1.4.0",
      "resolved": "http://npm.devops.xiaohongshu.com:7001/loose-envify/download/loose-envify-1.4.0.tgz",
      "integrity": "sha1-ce5R+nvkyuwaY4OffmgtgTLTDK8=",
      "requires": {
        "js-tokens": "^3.0.0 || ^4.0.0"
      }
    },
    "magic-string": {
      "version": "0.25.9",
      "resolved": "http://npm.devops.xiaohongshu.com:7001/magic-string/download/magic-string-0.25.9.tgz",
      "integrity": "sha1-3n+fr5HvihyR0CwuUxTIJ3283Rw=",
      "requires": {
        "sourcemap-codec": "^1.4.8"
      }
    },
    "nanoid": {
      "version": "3.3.4",
      "resolved": "http://npm.devops.xiaohongshu.com:7001/nanoid/download/nanoid-3.3.4.tgz",
      "integrity": "sha1-cwtn480J4t6s8DwCfIHJ2dvF6Ks="
    },
    "nanopop": {
      "version": "2.1.0",
      "resolved": "http://npm.devops.xiaohongshu.com:7001/nanopop/download/nanopop-2.1.0.tgz",
      "integrity": "sha1-I0dlE87iQFiIr9LopLVAZrcLnmA="
    },
    "path-parse": {
      "version": "1.0.7",
      "resolved": "http://npm.devops.xiaohongshu.com:7001/path-parse/download/path-parse-1.0.7.tgz",
      "integrity": "sha1-+8EUtgykKzDZ2vWFjkvWi77bZzU=",
      "dev": true
    },
    "picocolors": {
      "version": "1.0.0",
      "resolved": "http://npm.devops.xiaohongshu.com:7001/picocolors/download/picocolors-1.0.0.tgz",
      "integrity": "sha1-y1vcdP8/UYkiNur3nWi8RFZKuBw="
    },
    "postcss": {
      "version": "8.4.14",
      "resolved": "http://npm.devops.xiaohongshu.com:7001/postcss/download/postcss-8.4.14.tgz",
      "integrity": "sha1-7pJ01WIrSFjBAHp0125C5W/SHK8=",
      "requires": {
        "nanoid": "^3.3.4",
        "picocolors": "^1.0.0",
        "source-map-js": "^1.0.2"
      }
    },
    "regenerator-runtime": {
      "version": "0.13.9",
      "resolved": "http://npm.devops.xiaohongshu.com:7001/regenerator-runtime/download/regenerator-runtime-0.13.9.tgz",
      "integrity": "sha1-iSV0Kpj/2QgUmI11Zq0wyjsmO1I="
    },
    "resize-observer-polyfill": {
      "version": "1.5.1",
      "resolved": "http://npm.devops.xiaohongshu.com:7001/resize-observer-polyfill/download/resize-observer-polyfill-1.5.1.tgz",
      "integrity": "sha1-DpAg3T0hAkRY1OvSfiPkAmmBBGQ="
    },
    "resolve": {
      "version": "1.22.1",
      "resolved": "http://npm.devops.xiaohongshu.com:7001/resolve/download/resolve-1.22.1.tgz",
      "integrity": "sha1-J8suu1P5GrtJRwqSi7p1WAZqwXc=",
      "dev": true,
      "requires": {
        "is-core-module": "^2.9.0",
        "path-parse": "^1.0.7",
        "supports-preserve-symlinks-flag": "^1.0.0"
      }
    },
    "rollup": {
      "version": "2.75.7",
      "resolved": "http://npm.devops.xiaohongshu.com:7001/rollup/download/rollup-2.75.7.tgz",
      "integrity": "sha1-Ih/xGIeuJx433MZJujLOFZCqoLk=",
      "dev": true,
      "requires": {
        "fsevents": "~2.3.2"
      }
    },
    "scroll-into-view-if-needed": {
      "version": "2.2.29",
      "resolved": "http://npm.devops.xiaohongshu.com:7001/scroll-into-view-if-needed/download/scroll-into-view-if-needed-2.2.29.tgz",
      "integrity": "sha1-VReRqEt+IodwZRH4xoFh5JkKuIU=",
      "requires": {
        "compute-scroll-into-view": "^1.0.17"
      }
    },
    "shallow-equal": {
      "version": "1.2.1",
      "resolved": "http://npm.devops.xiaohongshu.com:7001/shallow-equal/download/shallow-equal-1.2.1.tgz",
      "integrity": "sha1-TBar+lYEOqINBQMk76aJQLDaedo="
    },
    "source-map": {
      "version": "0.6.1",
      "resolved": "http://npm.devops.xiaohongshu.com:7001/source-map/download/source-map-0.6.1.tgz",
      "integrity": "sha1-dHIq8y6WFOnCh6jQu95IteLxomM="
    },
    "source-map-js": {
      "version": "1.0.2",
      "resolved": "http://npm.devops.xiaohongshu.com:7001/source-map-js/download/source-map-js-1.0.2.tgz",
      "integrity": "sha1-rbw2HZxi3zgBJefxYfccgm8eSQw="
    },
    "sourcemap-codec": {
      "version": "1.4.8",
      "resolved": "http://npm.devops.xiaohongshu.com:7001/sourcemap-codec/download/sourcemap-codec-1.4.8.tgz",
      "integrity": "sha1-6oBL2UhXQC5pktBaOO8a41qatMQ="
    },
    "supports-preserve-symlinks-flag": {
      "version": "1.0.0",
      "resolved": "http://npm.devops.xiaohongshu.com:7001/supports-preserve-symlinks-flag/download/supports-preserve-symlinks-flag-1.0.0.tgz",
      "integrity": "sha1-btpL00SjyUrqN21MwxvHcxEDngk=",
      "dev": true
    },
    "vite": {
      "version": "2.9.12",
      "dev": true,
      "requires": {
        "esbuild": "^0.14.27",
        "fsevents": "~2.3.2",
        "postcss": "^8.4.13",
        "resolve": "^1.22.0",
        "rollup": "^2.59.0"
      }
    },
    "vue": {
      "version": "3.2.26",
      "requires": {
        "@vue/compiler-dom": "3.2.26",
        "@vue/compiler-sfc": "3.2.26",
        "@vue/runtime-dom": "3.2.26",
        "@vue/server-renderer": "3.2.26",
        "@vue/shared": "3.2.26"
      }
    },
    "vue-types": {
      "version": "3.0.2",
      "resolved": "http://npm.devops.xiaohongshu.com:7001/vue-types/download/vue-types-3.0.2.tgz",
      "integrity": "sha1-7BbgXUEsA4Ji/B76TOuWR+f7YB0=",
      "requires": {
        "is-plain-object": "3.0.1"
      }
    },
    "warning": {
      "version": "4.0.3",
      "resolved": "http://npm.devops.xiaohongshu.com:7001/warning/download/warning-4.0.3.tgz",
      "integrity": "sha1-Fungd+uKhtavfWSqHgX9hbRnjKM=",
      "requires": {
        "loose-envify": "^1.0.0"
      }
    }
  }
}
